
Microsoft Visual Studio Solution File, Format Version 12.00
# Visual Studio Version 16
VisualStudioVersion = 25.0.1706.7
MinimumVisualStudioVersion = 10.0.40219.1
Project("{FAE04EC0-301F-11D3-BF4B-00C04F79EFBC}") = "BookingApp.Core.Tests", "BookingApp.Core.Tests\BookingApp.Core.Tests.csproj", "{AAA8AD21-28C4-48E5-B785-510D6A4AD2D4}"
EndProject
Project("{FAE04EC0-301F-11D3-BF4B-00C04F79EFBC}") = "BookingApp.Core", "BookingApp.Core\BookingApp.Core.csproj", "{2128972A-9233-456D-8D98-B9E669A6DB39}"
EndProject
Global
	GlobalSection(SolutionConfigurationPlatforms) = preSolution
		Debug|Any CPU = Debug|Any CPU
		Release|Any CPU = Release|Any CPU
	EndGlobalSection
	GlobalSection(ProjectConfigurationPlatforms) = postSolution
		{AAA8AD21-28C4-48E5-B785-510D6A4AD2D4}.Debug|Any CPU.ActiveCfg = Debug|Any CPU
		{AAA8AD21-28C4-48E5-B785-510D6A4AD2D4}.Debug|Any CPU.Build.0 = Debug|Any CPU
		{AAA8AD21-28C4-48E5-B785-510D6A4AD2D4}.Release|Any CPU.ActiveCfg = Release|Any CPU
		{AAA8AD21-28C4-48E5-B785-510D6A4AD2D4}.Release|Any CPU.Build.0 = Release|Any CPU
		{2128972A-9233-456D-8D98-B9E669A6DB39}.Debug|Any CPU.ActiveCfg = Debug|Any CPU
		{2128972A-9233-456D-8D98-B9E669A6DB39}.Debug|Any CPU.Build.0 = Debug|Any CPU
		{2128972A-9233-456D-8D98-B9E669A6DB39}.Release|Any CPU.ActiveCfg = Release|Any CPU
		{2128972A-9233-456D-8D98-B9E669A6DB39}.Release|Any CPU.Build.0 = Release|Any CPU
	EndGlobalSection
	GlobalSection(SolutionProperties) = preSolution
		HideSolutionNode = FALSE
	EndGlobalSection
	GlobalSection(ExtensibilityGlobals) = postSolution
		SolutionGuid = {BB0EF47D-ADCD-4838-87F2-C7FCFF703689}
	EndGlobalSection
EndGlobal
